
Microsoft Visual Studio Solution File, Format Version 12.00
# Visual Studio Version 17
VisualStudioVersion = 17.8.34330.188
MinimumVisualStudioVersion = 10.0.40219.1
Project("{FAE04EC0-301F-11D3-BF4B-00C04F79EFBC}") = "ef", "ef\ef.csproj", "{1FC5CA85-771B-4E27-A68A-017E7E0FE7DD}"
EndProject
Global
	GlobalSection(SolutionConfigurationPlatforms) = preSolution
		Debug|Any CPU = Debug|Any CPU
		Release|Any CPU = Release|Any CPU
	EndGlobalSection
	GlobalSection(ProjectConfigurationPlatforms) = postSolution
		{1FC5CA85-771B-4E27-A68A-017E7E0FE7DD}.Debug|Any CPU.ActiveCfg = Debug|Any CPU
		{1FC5CA85-771B-4E27-A68A-017E7E0FE7DD}.Debug|Any CPU.Build.0 = Debug|Any CPU
		{1FC5CA85-771B-4E27-A68A-017E7E0FE7DD}.Release|Any CPU.ActiveCfg = Release|Any CPU
		{1FC5CA85-771B-4E27-A68A-017E7E0FE7DD}.Release|Any CPU.Build.0 = Release|Any CPU
	EndGlobalSection
	GlobalSection(SolutionProperties) = preSolution
		HideSolutionNode = FALSE
	EndGlobalSection
	GlobalSection(ExtensibilityGlobals) = postSolution
		SolutionGuid = {3B054957-6956-428F-B1A1-28BA06125E98}
	EndGlobalSection
EndGlobal
